<?xml version="1.0" encoding="utf-8"?>
<Project ToolsVersion="4.0" xmlns="http://schemas.microsoft.com/developer/msbuild/2003">
  <ItemGroup>
    <CustomBuild Include="..\..\CMakeFiles\ed2a76e9bf4c34e316c9e438232b9fd9\INSTALL_force.rule">
      <Filter>CMake Rules</Filter>
    </CustomBuild>
  </ItemGroup>
  <ItemGroup>
    <Filter Include="CMake Rules">
      <UniqueIdentifier>{FAFD5883-6357-4F5B-8A63-F69D54E59951}</UniqueIdentifier>
    </Filter>
  </ItemGroup>
</Project>
