<?xml version="1.0" encoding="utf-8"?>
<Project ToolsVersion="4.0" xmlns="http://schemas.microsoft.com/developer/msbuild/2003">
  <ItemGroup>
    <ClCompile Include="src\class.cpp">
      <Filter>src</Filter>
    </ClCompile>
    <ClCompile Include="src\class_info.cpp">
      <Filter>src</Filter>
    </ClCompile>
    <ClCompile Include="src\class_registry.cpp">
      <Filter>src</Filter>
    </ClCompile>
    <ClCompile Include="src\class_rep.cpp">
      <Filter>src</Filter>
    </ClCompile>
    <ClCompile Include="src\create_class.cpp">
      <Filter>src</Filter>
    </ClCompile>
    <ClCompile Include="src\error.cpp">
      <Filter>src</Filter>
    </ClCompile>
    <ClCompile Include="src\exception_handler.cpp">
      <Filter>src</Filter>
    </ClCompile>
    <ClCompile Include="src\function.cpp">
      <Filter>src</Filter>
    </ClCompile>
    <ClCompile Include="src\inheritance.cpp">
      <Filter>src</Filter>
    </ClCompile>
    <ClCompile Include="src\link_compatibility.cpp">
      <Filter>src</Filter>
    </ClCompile>
    <ClCompile Include="src\object_rep.cpp">
      <Filter>src</Filter>
    </ClCompile>
    <ClCompile Include="src\open.cpp">
      <Filter>src</Filter>
    </ClCompile>
    <ClCompile Include="src\pcall.cpp">
      <Filter>src</Filter>
    </ClCompile>
    <ClCompile Include="src\scope.cpp">
      <Filter>src</Filter>
    </ClCompile>
    <ClCompile Include="src\stack_content_by_name.cpp">
      <Filter>src</Filter>
    </ClCompile>
    <ClCompile Include="src\weak_ref.cpp">
      <Filter>src</Filter>
    </ClCompile>
    <ClCompile Include="src\wrapper_base.cpp">
      <Filter>src</Filter>
    </ClCompile>
  </ItemGroup>
  <ItemGroup>
    <Filter Include="src">
      <UniqueIdentifier>{12C3BB8B-3E3A-45BB-B725-4EF7C9EF887C}</UniqueIdentifier>
    </Filter>
  </ItemGroup>
</Project>
