<?xml version="1.0" encoding="utf-8"?>
<Project ToolsVersion="4.0" xmlns="http://schemas.microsoft.com/developer/msbuild/2003">
  <ItemGroup>
    <ClCompile Include="client.c">
      <Filter>Source Files</Filter>
    </ClCompile>
    <ClCompile Include="errmsg.c">
      <Filter>Source Files</Filter>
    </ClCompile>
    <ClCompile Include="get_password.c">
      <Filter>Source Files</Filter>
    </ClCompile>
    <ClCompile Include="libmysql.c">
      <Filter>Source Files</Filter>
    </ClCompile>
    <ClCompile Include="my_time.c">
      <Filter>Source Files</Filter>
    </ClCompile>
    <ClCompile Include="net_serv.c">
      <Filter>Source Files</Filter>
    </ClCompile>
    <ClCompile Include="pack.c">
      <Filter>Source Files</Filter>
    </ClCompile>
    <ClCompile Include="password.c">
      <Filter>Source Files</Filter>
    </ClCompile>
    <ClCompile Include="..\extlib\zlib\adler32.c">
      <Filter>Source Files</Filter>
    </ClCompile>
    <ClCompile Include="..\extlib\zlib\compress.c">
      <Filter>Source Files</Filter>
    </ClCompile>
    <ClCompile Include="..\extlib\zlib\crc32.c">
      <Filter>Source Files</Filter>
    </ClCompile>
    <ClCompile Include="..\extlib\zlib\deflate.c">
      <Filter>Source Files</Filter>
    </ClCompile>
    <ClCompile Include="..\extlib\zlib\gzio.c">
      <Filter>Source Files</Filter>
    </ClCompile>
    <ClCompile Include="..\extlib\zlib\infback.c">
      <Filter>Source Files</Filter>
    </ClCompile>
    <ClCompile Include="..\extlib\zlib\inffast.c">
      <Filter>Source Files</Filter>
    </ClCompile>
    <ClCompile Include="..\extlib\zlib\inflate.c">
      <Filter>Source Files</Filter>
    </ClCompile>
    <ClCompile Include="..\extlib\zlib\inftrees.c">
      <Filter>Source Files</Filter>
    </ClCompile>
    <ClCompile Include="..\extlib\zlib\trees.c">
      <Filter>Source Files</Filter>
    </ClCompile>
    <ClCompile Include="..\extlib\zlib\uncompr.c">
      <Filter>Source Files</Filter>
    </ClCompile>
    <ClCompile Include="..\extlib\zlib\zutil.c">
      <Filter>Source Files</Filter>
    </ClCompile>
    <ClCompile Include="..\extlib\dbug\dbug.c">
      <Filter>Source Files</Filter>
    </ClCompile>
    <ClCompile Include="..\extlib\dbug\factorial.c">
      <Filter>Source Files</Filter>
    </ClCompile>
    <ClCompile Include="..\extlib\dbug\sanity.c">
      <Filter>Source Files</Filter>
    </ClCompile>
    <ClCompile Include="..\extlib\yassl\taocrypt\src\aes.cpp">
      <Filter>Source Files</Filter>
    </ClCompile>
    <ClCompile Include="..\extlib\yassl\taocrypt\src\aestables.cpp">
      <Filter>Source Files</Filter>
    </ClCompile>
    <ClCompile Include="..\extlib\yassl\taocrypt\src\algebra.cpp">
      <Filter>Source Files</Filter>
    </ClCompile>
    <ClCompile Include="..\extlib\yassl\taocrypt\src\arc4.cpp">
      <Filter>Source Files</Filter>
    </ClCompile>
    <ClCompile Include="..\extlib\yassl\taocrypt\src\asn.cpp">
      <Filter>Source Files</Filter>
    </ClCompile>
    <ClCompile Include="..\extlib\yassl\taocrypt\src\coding.cpp">
      <Filter>Source Files</Filter>
    </ClCompile>
    <ClCompile Include="..\extlib\yassl\taocrypt\src\des.cpp">
      <Filter>Source Files</Filter>
    </ClCompile>
    <ClCompile Include="..\extlib\yassl\taocrypt\src\dh.cpp">
      <Filter>Source Files</Filter>
    </ClCompile>
    <ClCompile Include="..\extlib\yassl\taocrypt\src\dsa.cpp">
      <Filter>Source Files</Filter>
    </ClCompile>
    <ClCompile Include="..\extlib\yassl\taocrypt\src\file.cpp">
      <Filter>Source Files</Filter>
    </ClCompile>
    <ClCompile Include="..\extlib\yassl\taocrypt\src\hash.cpp">
      <Filter>Source Files</Filter>
    </ClCompile>
    <ClCompile Include="..\extlib\yassl\taocrypt\src\integer.cpp">
      <Filter>Source Files</Filter>
    </ClCompile>
    <ClCompile Include="..\extlib\yassl\taocrypt\src\md2.cpp">
      <Filter>Source Files</Filter>
    </ClCompile>
    <ClCompile Include="..\extlib\yassl\taocrypt\src\md4.cpp">
      <Filter>Source Files</Filter>
    </ClCompile>
    <ClCompile Include="..\extlib\yassl\taocrypt\src\md5.cpp">
      <Filter>Source Files</Filter>
    </ClCompile>
    <ClCompile Include="..\extlib\yassl\taocrypt\src\misc.cpp">
      <Filter>Source Files</Filter>
    </ClCompile>
    <ClCompile Include="..\extlib\yassl\taocrypt\src\random.cpp">
      <Filter>Source Files</Filter>
    </ClCompile>
    <ClCompile Include="..\extlib\yassl\taocrypt\src\ripemd.cpp">
      <Filter>Source Files</Filter>
    </ClCompile>
    <ClCompile Include="..\extlib\yassl\taocrypt\src\rsa.cpp">
      <Filter>Source Files</Filter>
    </ClCompile>
    <ClCompile Include="..\extlib\yassl\taocrypt\src\sha.cpp">
      <Filter>Source Files</Filter>
    </ClCompile>
    <ClCompile Include="..\extlib\yassl\src\buffer.cpp">
      <Filter>Source Files</Filter>
    </ClCompile>
    <ClCompile Include="..\extlib\yassl\src\cert_wrapper.cpp">
      <Filter>Source Files</Filter>
    </ClCompile>
    <ClCompile Include="..\extlib\yassl\src\crypto_wrapper.cpp">
      <Filter>Source Files</Filter>
    </ClCompile>
    <ClCompile Include="..\extlib\yassl\src\handshake.cpp">
      <Filter>Source Files</Filter>
    </ClCompile>
    <ClCompile Include="..\extlib\yassl\src\lock.cpp">
      <Filter>Source Files</Filter>
    </ClCompile>
    <ClCompile Include="..\extlib\yassl\src\log.cpp">
      <Filter>Source Files</Filter>
    </ClCompile>
    <ClCompile Include="..\extlib\yassl\src\socket_wrapper.cpp">
      <Filter>Source Files</Filter>
    </ClCompile>
    <ClCompile Include="..\extlib\yassl\src\ssl.cpp">
      <Filter>Source Files</Filter>
    </ClCompile>
    <ClCompile Include="..\extlib\yassl\src\timer.cpp">
      <Filter>Source Files</Filter>
    </ClCompile>
    <ClCompile Include="..\extlib\yassl\src\yassl_error.cpp">
      <Filter>Source Files</Filter>
    </ClCompile>
    <ClCompile Include="..\extlib\yassl\src\yassl_imp.cpp">
      <Filter>Source Files</Filter>
    </ClCompile>
    <ClCompile Include="..\extlib\yassl\src\yassl_int.cpp">
      <Filter>Source Files</Filter>
    </ClCompile>
    <ClCompile Include="..\mysys\array.c">
      <Filter>Source Files</Filter>
    </ClCompile>
    <ClCompile Include="..\mysys\charset-def.c">
      <Filter>Source Files</Filter>
    </ClCompile>
    <ClCompile Include="..\mysys\charset.c">
      <Filter>Source Files</Filter>
    </ClCompile>
    <ClCompile Include="..\mysys\checksum.c">
      <Filter>Source Files</Filter>
    </ClCompile>
    <ClCompile Include="..\mysys\default.c">
      <Filter>Source Files</Filter>
    </ClCompile>
    <ClCompile Include="..\mysys\default_modify.c">
      <Filter>Source Files</Filter>
    </ClCompile>
    <ClCompile Include="..\mysys\errors.c">
      <Filter>Source Files</Filter>
    </ClCompile>
    <ClCompile Include="..\mysys\hash.c">
      <Filter>Source Files</Filter>
    </ClCompile>
    <ClCompile Include="..\mysys\list.c">
      <Filter>Source Files</Filter>
    </ClCompile>
    <ClCompile Include="..\mysys\md5.c">
      <Filter>Source Files</Filter>
    </ClCompile>
    <ClCompile Include="..\mysys\mf_brkhant.c">
      <Filter>Source Files</Filter>
    </ClCompile>
    <ClCompile Include="..\mysys\mf_cache.c">
      <Filter>Source Files</Filter>
    </ClCompile>
    <ClCompile Include="..\mysys\mf_dirname.c">
      <Filter>Source Files</Filter>
    </ClCompile>
    <ClCompile Include="..\mysys\mf_fn_ext.c">
      <Filter>Source Files</Filter>
    </ClCompile>
    <ClCompile Include="..\mysys\mf_format.c">
      <Filter>Source Files</Filter>
    </ClCompile>
    <ClCompile Include="..\mysys\mf_getdate.c">
      <Filter>Source Files</Filter>
    </ClCompile>
    <ClCompile Include="..\mysys\mf_iocache.c">
      <Filter>Source Files</Filter>
    </ClCompile>
    <ClCompile Include="..\mysys\mf_iocache2.c">
      <Filter>Source Files</Filter>
    </ClCompile>
    <ClCompile Include="..\mysys\mf_keycache.c">
      <Filter>Source Files</Filter>
    </ClCompile>
    <ClCompile Include="..\mysys\my_safehash.c">
      <Filter>Source Files</Filter>
    </ClCompile>
    <ClCompile Include="..\mysys\mf_keycaches.c">
      <Filter>Source Files</Filter>
    </ClCompile>
    <ClCompile Include="..\mysys\mf_loadpath.c">
      <Filter>Source Files</Filter>
    </ClCompile>
    <ClCompile Include="..\mysys\mf_pack.c">
      <Filter>Source Files</Filter>
    </ClCompile>
    <ClCompile Include="..\mysys\mf_path.c">
      <Filter>Source Files</Filter>
    </ClCompile>
    <ClCompile Include="..\mysys\mf_qsort.c">
      <Filter>Source Files</Filter>
    </ClCompile>
    <ClCompile Include="..\mysys\mf_qsort2.c">
      <Filter>Source Files</Filter>
    </ClCompile>
    <ClCompile Include="..\mysys\mf_radix.c">
      <Filter>Source Files</Filter>
    </ClCompile>
    <ClCompile Include="..\mysys\mf_same.c">
      <Filter>Source Files</Filter>
    </ClCompile>
    <ClCompile Include="..\mysys\mf_sort.c">
      <Filter>Source Files</Filter>
    </ClCompile>
    <ClCompile Include="..\mysys\mf_soundex.c">
      <Filter>Source Files</Filter>
    </ClCompile>
    <ClCompile Include="..\mysys\mf_strip.c">
      <Filter>Source Files</Filter>
    </ClCompile>
    <ClCompile Include="..\mysys\mf_arr_appstr.c">
      <Filter>Source Files</Filter>
    </ClCompile>
    <ClCompile Include="..\mysys\mf_tempdir.c">
      <Filter>Source Files</Filter>
    </ClCompile>
    <ClCompile Include="..\mysys\mf_tempfile.c">
      <Filter>Source Files</Filter>
    </ClCompile>
    <ClCompile Include="..\mysys\mf_unixpath.c">
      <Filter>Source Files</Filter>
    </ClCompile>
    <ClCompile Include="..\mysys\mf_wcomp.c">
      <Filter>Source Files</Filter>
    </ClCompile>
    <ClCompile Include="..\mysys\mf_wfile.c">
      <Filter>Source Files</Filter>
    </ClCompile>
    <ClCompile Include="..\mysys\mulalloc.c">
      <Filter>Source Files</Filter>
    </ClCompile>
    <ClCompile Include="..\mysys\my_access.c">
      <Filter>Source Files</Filter>
    </ClCompile>
    <ClCompile Include="..\mysys\my_aes.c">
      <Filter>Source Files</Filter>
    </ClCompile>
    <ClCompile Include="..\mysys\my_alarm.c">
      <Filter>Source Files</Filter>
    </ClCompile>
    <ClCompile Include="..\mysys\my_alloc.c">
      <Filter>Source Files</Filter>
    </ClCompile>
    <ClCompile Include="..\mysys\my_append.c">
      <Filter>Source Files</Filter>
    </ClCompile>
    <ClCompile Include="..\mysys\my_bit.c">
      <Filter>Source Files</Filter>
    </ClCompile>
    <ClCompile Include="..\mysys\my_bitmap.c">
      <Filter>Source Files</Filter>
    </ClCompile>
    <ClCompile Include="..\mysys\my_chmod.c">
      <Filter>Source Files</Filter>
    </ClCompile>
    <ClCompile Include="..\mysys\my_chsize.c">
      <Filter>Source Files</Filter>
    </ClCompile>
    <ClCompile Include="..\mysys\my_clock.c">
      <Filter>Source Files</Filter>
    </ClCompile>
    <ClCompile Include="..\mysys\my_compress.c">
      <Filter>Source Files</Filter>
    </ClCompile>
    <ClCompile Include="..\mysys\my_conio.c">
      <Filter>Source Files</Filter>
    </ClCompile>
    <ClCompile Include="..\mysys\my_copy.c">
      <Filter>Source Files</Filter>
    </ClCompile>
    <ClCompile Include="..\mysys\my_create.c">
      <Filter>Source Files</Filter>
    </ClCompile>
    <ClCompile Include="..\mysys\my_delete.c">
      <Filter>Source Files</Filter>
    </ClCompile>
    <ClCompile Include="..\mysys\my_div.c">
      <Filter>Source Files</Filter>
    </ClCompile>
    <ClCompile Include="..\mysys\my_error.c">
      <Filter>Source Files</Filter>
    </ClCompile>
    <ClCompile Include="..\mysys\my_file.c">
      <Filter>Source Files</Filter>
    </ClCompile>
    <ClCompile Include="..\mysys\my_fopen.c">
      <Filter>Source Files</Filter>
    </ClCompile>
    <ClCompile Include="..\mysys\my_fstream.c">
      <Filter>Source Files</Filter>
    </ClCompile>
    <ClCompile Include="..\mysys\my_gethostbyname.c">
      <Filter>Source Files</Filter>
    </ClCompile>
    <ClCompile Include="..\mysys\my_gethwaddr.c">
      <Filter>Source Files</Filter>
    </ClCompile>
    <ClCompile Include="..\mysys\my_getopt.c">
      <Filter>Source Files</Filter>
    </ClCompile>
    <ClCompile Include="..\mysys\my_getsystime.c">
      <Filter>Source Files</Filter>
    </ClCompile>
    <ClCompile Include="..\mysys\my_getwd.c">
      <Filter>Source Files</Filter>
    </ClCompile>
    <ClCompile Include="..\mysys\my_init.c">
      <Filter>Source Files</Filter>
    </ClCompile>
    <ClCompile Include="..\mysys\my_lib.c">
      <Filter>Source Files</Filter>
    </ClCompile>
    <ClCompile Include="..\mysys\my_lock.c">
      <Filter>Source Files</Filter>
    </ClCompile>
    <ClCompile Include="..\mysys\my_lockmem.c">
      <Filter>Source Files</Filter>
    </ClCompile>
    <ClCompile Include="..\mysys\my_malloc.c">
      <Filter>Source Files</Filter>
    </ClCompile>
    <ClCompile Include="..\mysys\my_messnc.c">
      <Filter>Source Files</Filter>
    </ClCompile>
    <ClCompile Include="..\mysys\my_dup.c">
      <Filter>Source Files</Filter>
    </ClCompile>
    <ClCompile Include="..\mysys\my_mkdir.c">
      <Filter>Source Files</Filter>
    </ClCompile>
    <ClCompile Include="..\mysys\my_mmap.c">
      <Filter>Source Files</Filter>
    </ClCompile>
    <ClCompile Include="..\mysys\my_net.c">
      <Filter>Source Files</Filter>
    </ClCompile>
    <ClCompile Include="..\mysys\my_once.c">
      <Filter>Source Files</Filter>
    </ClCompile>
    <ClCompile Include="..\mysys\my_open.c">
      <Filter>Source Files</Filter>
    </ClCompile>
    <ClCompile Include="..\mysys\my_pread.c">
      <Filter>Source Files</Filter>
    </ClCompile>
    <ClCompile Include="..\mysys\my_pthread.c">
      <Filter>Source Files</Filter>
    </ClCompile>
    <ClCompile Include="..\mysys\my_quick.c">
      <Filter>Source Files</Filter>
    </ClCompile>
    <ClCompile Include="..\mysys\my_read.c">
      <Filter>Source Files</Filter>
    </ClCompile>
    <ClCompile Include="..\mysys\my_realloc.c">
      <Filter>Source Files</Filter>
    </ClCompile>
    <ClCompile Include="..\mysys\my_redel.c">
      <Filter>Source Files</Filter>
    </ClCompile>
    <ClCompile Include="..\mysys\my_rename.c">
      <Filter>Source Files</Filter>
    </ClCompile>
    <ClCompile Include="..\mysys\my_seek.c">
      <Filter>Source Files</Filter>
    </ClCompile>
    <ClCompile Include="..\mysys\my_sleep.c">
      <Filter>Source Files</Filter>
    </ClCompile>
    <ClCompile Include="..\mysys\my_static.c">
      <Filter>Source Files</Filter>
    </ClCompile>
    <ClCompile Include="..\mysys\my_symlink.c">
      <Filter>Source Files</Filter>
    </ClCompile>
    <ClCompile Include="..\mysys\my_symlink2.c">
      <Filter>Source Files</Filter>
    </ClCompile>
    <ClCompile Include="..\mysys\my_sync.c">
      <Filter>Source Files</Filter>
    </ClCompile>
    <ClCompile Include="..\mysys\my_thr_init.c">
      <Filter>Source Files</Filter>
    </ClCompile>
    <ClCompile Include="..\mysys\my_wincond.c">
      <Filter>Source Files</Filter>
    </ClCompile>
    <ClCompile Include="..\mysys\my_winerr.c">
      <Filter>Source Files</Filter>
    </ClCompile>
    <ClCompile Include="..\mysys\my_winfile.c">
      <Filter>Source Files</Filter>
    </ClCompile>
    <ClCompile Include="..\mysys\my_windac.c">
      <Filter>Source Files</Filter>
    </ClCompile>
    <ClCompile Include="..\mysys\my_winthread.c">
      <Filter>Source Files</Filter>
    </ClCompile>
    <ClCompile Include="..\mysys\my_write.c">
      <Filter>Source Files</Filter>
    </ClCompile>
    <ClCompile Include="..\mysys\ptr_cmp.c">
      <Filter>Source Files</Filter>
    </ClCompile>
    <ClCompile Include="..\mysys\queues.c">
      <Filter>Source Files</Filter>
    </ClCompile>
    <ClCompile Include="..\mysys\stacktrace.c">
      <Filter>Source Files</Filter>
    </ClCompile>
    <ClCompile Include="..\mysys\rijndael.c">
      <Filter>Source Files</Filter>
    </ClCompile>
    <ClCompile Include="..\mysys\safemalloc.c">
      <Filter>Source Files</Filter>
    </ClCompile>
    <ClCompile Include="..\mysys\sha1.c">
      <Filter>Source Files</Filter>
    </ClCompile>
    <ClCompile Include="..\mysys\string.c">
      <Filter>Source Files</Filter>
    </ClCompile>
    <ClCompile Include="..\mysys\thr_alarm.c">
      <Filter>Source Files</Filter>
    </ClCompile>
    <ClCompile Include="..\mysys\thr_lock.c">
      <Filter>Source Files</Filter>
    </ClCompile>
    <ClCompile Include="..\mysys\thr_mutex.c">
      <Filter>Source Files</Filter>
    </ClCompile>
    <ClCompile Include="..\mysys\thr_rwlock.c">
      <Filter>Source Files</Filter>
    </ClCompile>
    <ClCompile Include="..\mysys\tree.c">
      <Filter>Source Files</Filter>
    </ClCompile>
    <ClCompile Include="..\mysys\typelib.c">
      <Filter>Source Files</Filter>
    </ClCompile>
    <ClCompile Include="..\mysys\my_vle.c">
      <Filter>Source Files</Filter>
    </ClCompile>
    <ClCompile Include="..\mysys\base64.c">
      <Filter>Source Files</Filter>
    </ClCompile>
    <ClCompile Include="..\mysys\my_memmem.c">
      <Filter>Source Files</Filter>
    </ClCompile>
    <ClCompile Include="..\mysys\my_getpagesize.c">
      <Filter>Source Files</Filter>
    </ClCompile>
    <ClCompile Include="..\mysys\lf_alloc-pin.c">
      <Filter>Source Files</Filter>
    </ClCompile>
    <ClCompile Include="..\mysys\lf_dynarray.c">
      <Filter>Source Files</Filter>
    </ClCompile>
    <ClCompile Include="..\mysys\lf_hash.c">
      <Filter>Source Files</Filter>
    </ClCompile>
    <ClCompile Include="..\mysys\my_atomic.c">
      <Filter>Source Files</Filter>
    </ClCompile>
    <ClCompile Include="..\mysys\my_getncpus.c">
      <Filter>Source Files</Filter>
    </ClCompile>
    <ClCompile Include="..\mysys\my_rnd.c">
      <Filter>Source Files</Filter>
    </ClCompile>
    <ClCompile Include="..\mysys\my_uuid.c">
      <Filter>Source Files</Filter>
    </ClCompile>
    <ClCompile Include="..\mysys\wqueue.c">
      <Filter>Source Files</Filter>
    </ClCompile>
    <ClCompile Include="..\mysys\waiting_threads.c">
      <Filter>Source Files</Filter>
    </ClCompile>
    <ClCompile Include="..\mysys\my_port.c">
      <Filter>Source Files</Filter>
    </ClCompile>
    <ClCompile Include="..\strings\bchange.c">
      <Filter>Source Files</Filter>
    </ClCompile>
    <ClCompile Include="..\strings\bcmp.c">
      <Filter>Source Files</Filter>
    </ClCompile>
    <ClCompile Include="..\strings\bfill.c">
      <Filter>Source Files</Filter>
    </ClCompile>
    <ClCompile Include="..\strings\bmove512.c">
      <Filter>Source Files</Filter>
    </ClCompile>
    <ClCompile Include="..\strings\bmove_upp.c">
      <Filter>Source Files</Filter>
    </ClCompile>
    <ClCompile Include="..\strings\ctype-big5.c">
      <Filter>Source Files</Filter>
    </ClCompile>
    <ClCompile Include="..\strings\ctype-bin.c">
      <Filter>Source Files</Filter>
    </ClCompile>
    <ClCompile Include="..\strings\ctype-cp932.c">
      <Filter>Source Files</Filter>
    </ClCompile>
    <ClCompile Include="..\strings\ctype-czech.c">
      <Filter>Source Files</Filter>
    </ClCompile>
    <ClCompile Include="..\strings\ctype-euc_kr.c">
      <Filter>Source Files</Filter>
    </ClCompile>
    <ClCompile Include="..\strings\ctype-eucjpms.c">
      <Filter>Source Files</Filter>
    </ClCompile>
    <ClCompile Include="..\strings\ctype-extra.c">
      <Filter>Source Files</Filter>
    </ClCompile>
    <ClCompile Include="..\strings\ctype-gb2312.c">
      <Filter>Source Files</Filter>
    </ClCompile>
    <ClCompile Include="..\strings\ctype-gbk.c">
      <Filter>Source Files</Filter>
    </ClCompile>
    <ClCompile Include="..\strings\ctype-latin1.c">
      <Filter>Source Files</Filter>
    </ClCompile>
    <ClCompile Include="..\strings\ctype-mb.c">
      <Filter>Source Files</Filter>
    </ClCompile>
    <ClCompile Include="..\strings\ctype-simple.c">
      <Filter>Source Files</Filter>
    </ClCompile>
    <ClCompile Include="..\strings\ctype-sjis.c">
      <Filter>Source Files</Filter>
    </ClCompile>
    <ClCompile Include="..\strings\ctype-tis620.c">
      <Filter>Source Files</Filter>
    </ClCompile>
    <ClCompile Include="..\strings\ctype-uca.c">
      <Filter>Source Files</Filter>
    </ClCompile>
    <ClCompile Include="..\strings\ctype-ucs2.c">
      <Filter>Source Files</Filter>
    </ClCompile>
    <ClCompile Include="..\strings\ctype-ujis.c">
      <Filter>Source Files</Filter>
    </ClCompile>
    <ClCompile Include="..\strings\ctype-utf8.c">
      <Filter>Source Files</Filter>
    </ClCompile>
    <ClCompile Include="..\strings\ctype-win1250ch.c">
      <Filter>Source Files</Filter>
    </ClCompile>
    <ClCompile Include="..\strings\ctype.c">
      <Filter>Source Files</Filter>
    </ClCompile>
    <ClCompile Include="..\strings\decimal.c">
      <Filter>Source Files</Filter>
    </ClCompile>
    <ClCompile Include="..\strings\dtoa.c">
      <Filter>Source Files</Filter>
    </ClCompile>
    <ClCompile Include="..\strings\int2str.c">
      <Filter>Source Files</Filter>
    </ClCompile>
    <ClCompile Include="..\strings\is_prefix.c">
      <Filter>Source Files</Filter>
    </ClCompile>
    <ClCompile Include="..\strings\llstr.c">
      <Filter>Source Files</Filter>
    </ClCompile>
    <ClCompile Include="..\strings\longlong2str.c">
      <Filter>Source Files</Filter>
    </ClCompile>
    <ClCompile Include="..\strings\my_strtoll10.c">
      <Filter>Source Files</Filter>
    </ClCompile>
    <ClCompile Include="..\strings\my_vsnprintf.c">
      <Filter>Source Files</Filter>
    </ClCompile>
    <ClCompile Include="..\strings\r_strinstr.c">
      <Filter>Source Files</Filter>
    </ClCompile>
    <ClCompile Include="..\strings\str2int.c">
      <Filter>Source Files</Filter>
    </ClCompile>
    <ClCompile Include="..\strings\str_alloc.c">
      <Filter>Source Files</Filter>
    </ClCompile>
    <ClCompile Include="..\strings\strcend.c">
      <Filter>Source Files</Filter>
    </ClCompile>
    <ClCompile Include="..\strings\strend.c">
      <Filter>Source Files</Filter>
    </ClCompile>
    <ClCompile Include="..\strings\strfill.c">
      <Filter>Source Files</Filter>
    </ClCompile>
    <ClCompile Include="..\strings\strmake.c">
      <Filter>Source Files</Filter>
    </ClCompile>
    <ClCompile Include="..\strings\strmov.c">
      <Filter>Source Files</Filter>
    </ClCompile>
    <ClCompile Include="..\strings\strnmov.c">
      <Filter>Source Files</Filter>
    </ClCompile>
    <ClCompile Include="..\strings\strtol.c">
      <Filter>Source Files</Filter>
    </ClCompile>
    <ClCompile Include="..\strings\strtoll.c">
      <Filter>Source Files</Filter>
    </ClCompile>
    <ClCompile Include="..\strings\strtoul.c">
      <Filter>Source Files</Filter>
    </ClCompile>
    <ClCompile Include="..\strings\strtoull.c">
      <Filter>Source Files</Filter>
    </ClCompile>
    <ClCompile Include="..\strings\strxmov.c">
      <Filter>Source Files</Filter>
    </ClCompile>
    <ClCompile Include="..\strings\strxnmov.c">
      <Filter>Source Files</Filter>
    </ClCompile>
    <ClCompile Include="..\strings\xml.c">
      <Filter>Source Files</Filter>
    </ClCompile>
    <ClCompile Include="..\strings\my_strchr.c">
      <Filter>Source Files</Filter>
    </ClCompile>
    <ClCompile Include="..\strings\strcont.c">
      <Filter>Source Files</Filter>
    </ClCompile>
    <ClCompile Include="..\strings\strinstr.c">
      <Filter>Source Files</Filter>
    </ClCompile>
    <ClCompile Include="..\strings\strnlen.c">
      <Filter>Source Files</Filter>
    </ClCompile>
    <ClCompile Include="..\strings\strappend.c">
      <Filter>Source Files</Filter>
    </ClCompile>
    <ClCompile Include="..\vio\vio.c">
      <Filter>Source Files</Filter>
    </ClCompile>
    <ClCompile Include="..\vio\viosocket.c">
      <Filter>Source Files</Filter>
    </ClCompile>
    <ClCompile Include="..\vio\viossl.c">
      <Filter>Source Files</Filter>
    </ClCompile>
    <ClCompile Include="..\vio\viosslfactories.c">
      <Filter>Source Files</Filter>
    </ClCompile>
  </ItemGroup>
  <ItemGroup>
    <ClInclude Include="..\extlib\zlib\crc32.h">
      <Filter>Header Files</Filter>
    </ClInclude>
    <ClInclude Include="..\extlib\zlib\deflate.h">
      <Filter>Header Files</Filter>
    </ClInclude>
    <ClInclude Include="..\extlib\zlib\inffast.h">
      <Filter>Header Files</Filter>
    </ClInclude>
    <ClInclude Include="..\extlib\zlib\inffixed.h">
      <Filter>Header Files</Filter>
    </ClInclude>
    <ClInclude Include="..\extlib\zlib\inflate.h">
      <Filter>Header Files</Filter>
    </ClInclude>
    <ClInclude Include="..\extlib\zlib\inftrees.h">
      <Filter>Header Files</Filter>
    </ClInclude>
    <ClInclude Include="..\extlib\zlib\trees.h">
      <Filter>Header Files</Filter>
    </ClInclude>
    <ClInclude Include="..\extlib\zlib\zconf.h">
      <Filter>Header Files</Filter>
    </ClInclude>
    <ClInclude Include="..\extlib\zlib\zlib.h">
      <Filter>Header Files</Filter>
    </ClInclude>
    <ClInclude Include="..\extlib\zlib\zutil.h">
      <Filter>Header Files</Filter>
    </ClInclude>
    <ClInclude Include="..\extlib\yassl\taocrypt\include\aes.hpp">
      <Filter>Header Files</Filter>
    </ClInclude>
    <ClInclude Include="..\extlib\yassl\taocrypt\include\algebra.hpp">
      <Filter>Header Files</Filter>
    </ClInclude>
    <ClInclude Include="..\extlib\yassl\taocrypt\include\arc4.hpp">
      <Filter>Header Files</Filter>
    </ClInclude>
    <ClInclude Include="..\extlib\yassl\taocrypt\include\asn.hpp">
      <Filter>Header Files</Filter>
    </ClInclude>
    <ClInclude Include="..\extlib\yassl\taocrypt\include\block.hpp">
      <Filter>Header Files</Filter>
    </ClInclude>
    <ClInclude Include="..\extlib\yassl\taocrypt\include\coding.hpp">
      <Filter>Header Files</Filter>
    </ClInclude>
    <ClInclude Include="..\extlib\yassl\taocrypt\include\des.hpp">
      <Filter>Header Files</Filter>
    </ClInclude>
    <ClInclude Include="..\extlib\yassl\taocrypt\include\dh.hpp">
      <Filter>Header Files</Filter>
    </ClInclude>
    <ClInclude Include="..\extlib\yassl\taocrypt\include\dsa.hpp">
      <Filter>Header Files</Filter>
    </ClInclude>
    <ClInclude Include="..\extlib\yassl\taocrypt\include\error.hpp">
      <Filter>Header Files</Filter>
    </ClInclude>
    <ClInclude Include="..\extlib\yassl\taocrypt\include\file.hpp">
      <Filter>Header Files</Filter>
    </ClInclude>
    <ClInclude Include="..\extlib\yassl\taocrypt\include\hash.hpp">
      <Filter>Header Files</Filter>
    </ClInclude>
    <ClInclude Include="..\extlib\yassl\taocrypt\include\hmac.hpp">
      <Filter>Header Files</Filter>
    </ClInclude>
    <ClInclude Include="..\extlib\yassl\taocrypt\include\integer.hpp">
      <Filter>Header Files</Filter>
    </ClInclude>
    <ClInclude Include="..\extlib\yassl\taocrypt\include\md2.hpp">
      <Filter>Header Files</Filter>
    </ClInclude>
    <ClInclude Include="..\extlib\yassl\taocrypt\include\md5.hpp">
      <Filter>Header Files</Filter>
    </ClInclude>
    <ClInclude Include="..\extlib\yassl\taocrypt\include\misc.hpp">
      <Filter>Header Files</Filter>
    </ClInclude>
    <ClInclude Include="..\extlib\yassl\taocrypt\include\modarith.hpp">
      <Filter>Header Files</Filter>
    </ClInclude>
    <ClInclude Include="..\extlib\yassl\taocrypt\include\modes.hpp">
      <Filter>Header Files</Filter>
    </ClInclude>
    <ClInclude Include="..\extlib\yassl\taocrypt\include\random.hpp">
      <Filter>Header Files</Filter>
    </ClInclude>
    <ClInclude Include="..\extlib\yassl\taocrypt\include\ripemd.hpp">
      <Filter>Header Files</Filter>
    </ClInclude>
    <ClInclude Include="..\extlib\yassl\taocrypt\include\rsa.hpp">
      <Filter>Header Files</Filter>
    </ClInclude>
    <ClInclude Include="..\extlib\yassl\taocrypt\include\sha.hpp">
      <Filter>Header Files</Filter>
    </ClInclude>
  </ItemGroup>
  <ItemGroup>
    <CustomBuild Include="CMakeLists.txt" />
  </ItemGroup>
  <ItemGroup>
    <Filter Include="Source Files">
      <UniqueIdentifier>{1D57B35B-7C51-4EB7-973D-F0486E391151}</UniqueIdentifier>
    </Filter>
    <Filter Include="Header Files">
      <UniqueIdentifier>{649FB685-4F75-4BED-B512-C81EDCE8A971}</UniqueIdentifier>
    </Filter>
  </ItemGroup>
</Project>
